Microsoft Visual Studio Solution File, Format Version 7.00
Project("{8BC9CEB8-8B4A-11D0-8D11-00A0C91BC942}") = "SrvSP", "SrvSP.vcproj", "{65B734B8-0668-41F2-B555-96528F17F8CD}"
EndProject
Global
	GlobalSection(SolutionConfiguration) = preSolution
		ConfigName.0 = Debug
		ConfigName.1 = Release
	EndGlobalSection
	GlobalSection(ProjectDependencies) = postSolution
	EndGlobalSection
	GlobalSection(ProjectConfiguration) = postSolution
		{65B734B8-0668-41F2-B555-96528F17F8CD}.Debug.ActiveCfg = Debug|Win32
		{65B734B8-0668-41F2-B555-96528F17F8CD}.Debug.Build.0 = Debug|Win32
		{65B734B8-0668-41F2-B555-96528F17F8CD}.Release.ActiveCfg = Release|Win32
		{65B734B8-0668-41F2-B555-96528F17F8CD}.Release.Build.0 = Release|Win32
	EndGlobalSection
	GlobalSection(ExtensibilityGlobals) = postSolution
	EndGlobalSection
	GlobalSection(ExtensibilityAddIns) = postSolution
	EndGlobalSection
EndGlobal
